// !$*UTF8*$!
{
	archiveVersion = 1;
	classes = {
	};
	objectVersion = 50;
	objects = {

/* Begin PBXBuildFile section */
		3B08929326AA9DAC00ED24DB /* NSDate+GDate.m in Sources */ = {isa = PBXBuildFile; fileRef = 3B08923626AA9DAC00ED24DB /* NSDate+GDate.m */; };
		3B08929426AA9DAC00ED24DB /* NSObject+GObject.m in Sources */ = {isa = PBXBuildFile; fileRef = 3B08923C26AA9DAC00ED24DB /* NSObject+GObject.m */; };
		3B08929526AA9DAC00ED24DB /* NSFileManager+GFileManager.m in Sources */ = {isa = PBXBuildFile; fileRef = 3B08923D26AA9DAC00ED24DB /* NSFileManager+GFileManager.m */; };
		3B08929626AA9DAC00ED24DB /* UIAlertController+GAlert.m in Sources */ = {isa = PBXBuildFile; fileRef = 3B08923E26AA9DAC00ED24DB /* UIAlertController+GAlert.m */; };
		3B08929726AA9DAC00ED24DB /* UIView+GView.m in Sources */ = {isa = PBXBuildFile; fileRef = 3B08923F26AA9DAC00ED24DB /* UIView+GView.m */; };
		3B08929826AA9DAC00ED24DB /* YIIParameters.m in Sources */ = {isa = PBXBuildFile; fileRef = 3B08924526AA9DAC00ED24DB /* YIIParameters.m */; };
		3B08929926AA9DAC00ED24DB /* YIIFMDB.m in Sources */ = {isa = PBXBuildFile; fileRef = 3B08924626AA9DAC00ED24DB /* YIIFMDB.m */; };
		3B08929A26AA9DAC00ED24DB /* GModelManger.m in Sources */ = {isa = PBXBuildFile; fileRef = 3B08924826AA9DAC00ED24DB /* GModelManger.m */; };
		3B08929B26AA9DAC00ED24DB /* GModel.m in Sources */ = {isa = PBXBuildFile; fileRef = 3B08924926AA9DAC00ED24DB /* GModel.m */; };
		3B08929C26AA9DAC00ED24DB /* GBaseChainModel.m in Sources */ = {isa = PBXBuildFile; fileRef = 3B08924D26AA9DAC00ED24DB /* GBaseChainModel.m */; };
		3B08929D26AA9DAC00ED24DB /* GViewChainModel.m in Sources */ = {isa = PBXBuildFile; fileRef = 3B08924E26AA9DAC00ED24DB /* GViewChainModel.m */; };
		3B08929E26AA9DAC00ED24DB /* GUIImageViewChainModel.m in Sources */ = {isa = PBXBuildFile; fileRef = 3B08924F26AA9DAC00ED24DB /* GUIImageViewChainModel.m */; };
		3B08929F26AA9DAC00ED24DB /* GLabelChainModel.m in Sources */ = {isa = PBXBuildFile; fileRef = 3B08925026AA9DAC00ED24DB /* GLabelChainModel.m */; };
		3B0892A026AA9DAC00ED24DB /* GButtonChainModel.m in Sources */ = {isa = PBXBuildFile; fileRef = 3B08925126AA9DAC00ED24DB /* GButtonChainModel.m */; };
		3B0892A126AA9DAC00ED24DB /* ZJAnimationPopView.m in Sources */ = {isa = PBXBuildFile; fileRef = 3B08925826AA9DAC00ED24DB /* ZJAnimationPopView.m */; };
		3B0892A326AA9DAC00ED24DB /* NSLayoutConstraint+MASDebugAdditions.m in Sources */ = {isa = PBXBuildFile; fileRef = 3B08925D26AA9DAC00ED24DB /* NSLayoutConstraint+MASDebugAdditions.m */; };
		3B0892A426AA9DAC00ED24DB /* ViewController+MASAdditions.m in Sources */ = {isa = PBXBuildFile; fileRef = 3B08926626AA9DAC00ED24DB /* ViewController+MASAdditions.m */; };
		3B0892A526AA9DAC00ED24DB /* MASCompositeConstraint.m in Sources */ = {isa = PBXBuildFile; fileRef = 3B08926A26AA9DAC00ED24DB /* MASCompositeConstraint.m */; };
		3B0892A626AA9DAC00ED24DB /* MASConstraintMaker.m in Sources */ = {isa = PBXBuildFile; fileRef = 3B08926B26AA9DAC00ED24DB /* MASConstraintMaker.m */; };
		3B0892A726AA9DAC00ED24DB /* MASLayoutConstraint.m in Sources */ = {isa = PBXBuildFile; fileRef = 3B08926C26AA9DAC00ED24DB /* MASLayoutConstraint.m */; };
		3B0892A826AA9DAC00ED24DB /* NSArray+MASAdditions.m in Sources */ = {isa = PBXBuildFile; fileRef = 3B08926D26AA9DAC00ED24DB /* NSArray+MASAdditions.m */; };
		3B0892A926AA9DAC00ED24DB /* View+MASAdditions.m in Sources */ = {isa = PBXBuildFile; fileRef = 3B08926E26AA9DAC00ED24DB /* View+MASAdditions.m */; };
		3B0892AA26AA9DAC00ED24DB /* MASConstraint.m in Sources */ = {isa = PBXBuildFile; fileRef = 3B08927126AA9DAC00ED24DB /* MASConstraint.m */; };
		3B0892AB26AA9DAC00ED24DB /* MASViewConstraint.m in Sources */ = {isa = PBXBuildFile; fileRef = 3B08927326AA9DAC00ED24DB /* MASViewConstraint.m */; };
		3B0892AC26AA9DAD00ED24DB /* MASViewAttribute.m in Sources */ = {isa = PBXBuildFile; fileRef = 3B08927426AA9DAC00ED24DB /* MASViewAttribute.m */; };
		3B0892AE26AA9DAD00ED24DB /* GCDQueue.m in Sources */ = {isa = PBXBuildFile; fileRef = 3B08927826AA9DAC00ED24DB /* GCDQueue.m */; };
		3B0892AF26AA9DAD00ED24DB /* GCDTimer.m in Sources */ = {isa = PBXBuildFile; fileRef = 3B08927926AA9DAC00ED24DB /* GCDTimer.m */; };
		3B0892B026AA9DAD00ED24DB /* GCDGroup.m in Sources */ = {isa = PBXBuildFile; fileRef = 3B08927A26AA9DAC00ED24DB /* GCDGroup.m */; };
		3B0892B126AA9DAD00ED24DB /* GCDSemaphore.m in Sources */ = {isa = PBXBuildFile; fileRef = 3B08927C26AA9DAC00ED24DB /* GCDSemaphore.m */; };
		3B0892B226AA9DAD00ED24DB /* WYAlertView.m in Sources */ = {isa = PBXBuildFile; fileRef = 3B08928026AA9DAC00ED24DB /* WYAlertView.m */; };
		3B0892B326AA9DAD00ED24DB /* README.markdown in Resources */ = {isa = PBXBuildFile; fileRef = 3B08928226AA9DAC00ED24DB /* README.markdown */; };
		3B0892B426AA9DAD00ED24DB /* LICENSE.txt in Resources */ = {isa = PBXBuildFile; fileRef = 3B08928326AA9DAC00ED24DB /* LICENSE.txt */; };
		3B0892B526AA9DAD00ED24DB /* FMDatabaseQueue.m in Sources */ = {isa = PBXBuildFile; fileRef = 3B08928726AA9DAC00ED24DB /* FMDatabaseQueue.m */; };
		3B0892B626AA9DAD00ED24DB /* FMDatabaseAdditions.m in Sources */ = {isa = PBXBuildFile; fileRef = 3B08928A26AA9DAC00ED24DB /* FMDatabaseAdditions.m */; };
		3B0892B726AA9DAD00ED24DB /* FMDatabase.m in Sources */ = {isa = PBXBuildFile; fileRef = 3B08928B26AA9DAC00ED24DB /* FMDatabase.m */; };
		3B0892B826AA9DAD00ED24DB /* FMDatabasePool.m in Sources */ = {isa = PBXBuildFile; fileRef = 3B08928F26AA9DAC00ED24DB /* FMDatabasePool.m */; };
		3B0892B926AA9DAD00ED24DB /* FMResultSet.m in Sources */ = {isa = PBXBuildFile; fileRef = 3B08929026AA9DAC00ED24DB /* FMResultSet.m */; };
		3B0892BD26AAA3D600ED24DB /* ViewController.m in Sources */ = {isa = PBXBuildFile; fileRef = 3B0892BB26AAA3D600ED24DB /* ViewController.m */; };
		3B0892BE26AAA3D600ED24DB /* ViewController.xib in Resources */ = {isa = PBXBuildFile; fileRef = 3B0892BC26AAA3D600ED24DB /* ViewController.xib */; };
		3B0892C426AECAEC00ED24DB /* NSObject+swizzle.m in Sources */ = {isa = PBXBuildFile; fileRef = 3B0892C226AECAEC00ED24DB /* NSObject+swizzle.m */; };
		3B0892CA26AFEDD000ED24DB /* UIViewController+GSSkip.m in Sources */ = {isa = PBXBuildFile; fileRef = 3B0892C926AFEDD000ED24DB /* UIViewController+GSSkip.m */; };
		3B0892CF26AFF0F600ED24DB /* UIView+Effects.m in Sources */ = {isa = PBXBuildFile; fileRef = 3B0892CD26AFF0F600ED24DB /* UIView+Effects.m */; };
		3B0892D226AFF1A700ED24DB /* UIView+GradualLayer.m in Sources */ = {isa = PBXBuildFile; fileRef = 3B0892D026AFF1A700ED24DB /* UIView+GradualLayer.m */; };
		D35D93072588C78F004A0D42 /* AppDelegate.m in Sources */ = {isa = PBXBuildFile; fileRef = D35D93062588C78F004A0D42 /* AppDelegate.m */; };
		D35D930A2588C78F004A0D42 /* SceneDelegate.m in Sources */ = {isa = PBXBuildFile; fileRef = D35D93092588C78F004A0D42 /* SceneDelegate.m */; };
		D35D93102588C78F004A0D42 /* Main.storyboard in Resources */ = {isa = PBXBuildFile; fileRef = D35D930E2588C78F004A0D42 /* Main.storyboard */; };
		D35D93122588C793004A0D42 /* Assets.xcassets in Resources */ = {isa = PBXBuildFile; fileRef = D35D93112588C793004A0D42 /* Assets.xcassets */; };
		D35D93152588C793004A0D42 /* LaunchScreen.storyboard in Resources */ = {isa = PBXBuildFile; fileRef = D35D93132588C793004A0D42 /* LaunchScreen.storyboard */; };
		D35D93182588C793004A0D42 /* main.m in Sources */ = {isa = PBXBuildFile; fileRef = D35D93172588C793004A0D42 /* main.m */; };
		D35D93B8258A08F8004A0D42 /* SecondViewController.m in Sources */ = {isa = PBXBuildFile; fileRef = D35D93B7258A08F8004A0D42 /* SecondViewController.m */; };
		D36E904925946A7D00DFA4AF /* SecondModel.m in Sources */ = {isa = PBXBuildFile; fileRef = D36E904825946A7D00DFA4AF /* SecondModel.m */; };
		D36E905D2594867800DFA4AF /* DBUserInfoModel.m in Sources */ = {isa = PBXBuildFile; fileRef = D36E905C2594867800DFA4AF /* DBUserInfoModel.m */; };
		D36E90632594AD0700DFA4AF /* ThreeModel.m in Sources */ = {isa = PBXBuildFile; fileRef = D36E90622594AD0700DFA4AF /* ThreeModel.m */; };
/* End PBXBuildFile section */

/* Begin PBXFileReference section */
		3B08923626AA9DAC00ED24DB /* NSDate+GDate.m */ = {isa = PBXFileReference; fileEncoding = 4; lastKnownFileType = sourcecode.c.objc; path = "NSDate+GDate.m"; sourceTree = "<group>"; };
		3B08923726AA9DAC00ED24DB /* NSObject+GObject.h */ = {isa = PBXFileReference; fileEncoding = 4; lastKnownFileType = sourcecode.c.h; path = "NSObject+GObject.h"; sourceTree = "<group>"; };
		3B08923826AA9DAC00ED24DB /* UIView+GView.h */ = {isa = PBXFileReference; fileEncoding = 4; lastKnownFileType = sourcecode.c.h; path = "UIView+GView.h"; sourceTree = "<group>"; };
		3B08923926AA9DAC00ED24DB /* UIAlertController+GAlert.h */ = {isa = PBXFileReference; fileEncoding = 4; lastKnownFileType = sourcecode.c.h; path = "UIAlertController+GAlert.h"; sourceTree = "<group>"; };
		3B08923A26AA9DAC00ED24DB /* NSFileManager+GFileManager.h */ = {isa = PBXFileReference; fileEncoding = 4; lastKnownFileType = sourcecode.c.h; path = "NSFileManager+GFileManager.h"; sourceTree = "<group>"; };
		3B08923B26AA9DAC00ED24DB /* NSDate+GDate.h */ = {isa = PBXFileReference; fileEncoding = 4; lastKnownFileType = sourcecode.c.h; path = "NSDate+GDate.h"; sourceTree = "<group>"; };
		3B08923C26AA9DAC00ED24DB /* NSObject+GObject.m */ = {isa = PBXFileReference; fileEncoding = 4; lastKnownFileType = sourcecode.c.objc; path = "NSObject+GObject.m"; sourceTree = "<group>"; };
		3B08923D26AA9DAC00ED24DB /* NSFileManager+GFileManager.m */ = {isa = PBXFileReference; fileEncoding = 4; lastKnownFileType = sourcecode.c.objc; path = "NSFileManager+GFileManager.m"; sourceTree = "<group>"; };
		3B08923E26AA9DAC00ED24DB /* UIAlertController+GAlert.m */ = {isa = PBXFileReference; fileEncoding = 4; lastKnownFileType = sourcecode.c.objc; path = "UIAlertController+GAlert.m"; sourceTree = "<group>"; };
		3B08923F26AA9DAC00ED24DB /* UIView+GView.m */ = {isa = PBXFileReference; fileEncoding = 4; lastKnownFileType = sourcecode.c.objc; path = "UIView+GView.m"; sourceTree = "<group>"; };
		3B08924026AA9DAC00ED24DB /* GHeader.h */ = {isa = PBXFileReference; fileEncoding = 4; lastKnownFileType = sourcecode.c.h; path = GHeader.h; sourceTree = "<group>"; };
		3B08924326AA9DAC00ED24DB /* YIIParameters.h */ = {isa = PBXFileReference; fileEncoding = 4; lastKnownFileType = sourcecode.c.h; path = YIIParameters.h; sourceTree = "<group>"; };
		3B08924426AA9DAC00ED24DB /* YIIFMDB.h */ = {isa = PBXFileReference; fileEncoding = 4; lastKnownFileType = sourcecode.c.h; path = YIIFMDB.h; sourceTree = "<group>"; };
		3B08924526AA9DAC00ED24DB /* YIIParameters.m */ = {isa = PBXFileReference; fileEncoding = 4; lastKnownFileType = sourcecode.c.objc; path = YIIParameters.m; sourceTree = "<group>"; };
		3B08924626AA9DAC00ED24DB /* YIIFMDB.m */ = {isa = PBXFileReference; fileEncoding = 4; lastKnownFileType = sourcecode.c.objc; path = YIIFMDB.m; sourceTree = "<group>"; };
		3B08924826AA9DAC00ED24DB /* GModelManger.m */ = {isa = PBXFileReference; fileEncoding = 4; lastKnownFileType = sourcecode.c.objc; path = GModelManger.m; sourceTree = "<group>"; };
		3B08924926AA9DAC00ED24DB /* GModel.m */ = {isa = PBXFileReference; fileEncoding = 4; lastKnownFileType = sourcecode.c.objc; path = GModel.m; sourceTree = "<group>"; };
		3B08924A26AA9DAC00ED24DB /* GModel.h */ = {isa = PBXFileReference; fileEncoding = 4; lastKnownFileType = sourcecode.c.h; path = GModel.h; sourceTree = "<group>"; };
		3B08924B26AA9DAC00ED24DB /* GModelManger.h */ = {isa = PBXFileReference; fileEncoding = 4; lastKnownFileType = sourcecode.c.h; path = GModelManger.h; sourceTree = "<group>"; };
		3B08924D26AA9DAC00ED24DB /* GBaseChainModel.m */ = {isa = PBXFileReference; fileEncoding = 4; lastKnownFileType = sourcecode.c.objc; path = GBaseChainModel.m; sourceTree = "<group>"; };
		3B08924E26AA9DAC00ED24DB /* GViewChainModel.m */ = {isa = PBXFileReference; fileEncoding = 4; lastKnownFileType = sourcecode.c.objc; path = GViewChainModel.m; sourceTree = "<group>"; };
		3B08924F26AA9DAC00ED24DB /* GUIImageViewChainModel.m */ = {isa = PBXFileReference; fileEncoding = 4; lastKnownFileType = sourcecode.c.objc; path = GUIImageViewChainModel.m; sourceTree = "<group>"; };
		3B08925026AA9DAC00ED24DB /* GLabelChainModel.m */ = {isa = PBXFileReference; fileEncoding = 4; lastKnownFileType = sourcecode.c.objc; path = GLabelChainModel.m; sourceTree = "<group>"; };
		3B08925126AA9DAC00ED24DB /* GButtonChainModel.m */ = {isa = PBXFileReference; fileEncoding = 4; lastKnownFileType = sourcecode.c.objc; path = GButtonChainModel.m; sourceTree = "<group>"; };
		3B08925226AA9DAC00ED24DB /* GBaseChainModel.h */ = {isa = PBXFileReference; fileEncoding = 4; lastKnownFileType = sourcecode.c.h; path = GBaseChainModel.h; sourceTree = "<group>"; };
		3B08925326AA9DAC00ED24DB /* GUIImageViewChainModel.h */ = {isa = PBXFileReference; fileEncoding = 4; lastKnownFileType = sourcecode.c.h; path = GUIImageViewChainModel.h; sourceTree = "<group>"; };
		3B08925426AA9DAC00ED24DB /* GViewChainModel.h */ = {isa = PBXFileReference; fileEncoding = 4; lastKnownFileType = sourcecode.c.h; path = GViewChainModel.h; sourceTree = "<group>"; };
		3B08925526AA9DAC00ED24DB /* GButtonChainModel.h */ = {isa = PBXFileReference; fileEncoding = 4; lastKnownFileType = sourcecode.c.h; path = GButtonChainModel.h; sourceTree = "<group>"; };
		3B08925626AA9DAC00ED24DB /* GLabelChainModel.h */ = {isa = PBXFileReference; fileEncoding = 4; lastKnownFileType = sourcecode.c.h; path = GLabelChainModel.h; sourceTree = "<group>"; };
		3B08925826AA9DAC00ED24DB /* ZJAnimationPopView.m */ = {isa = PBXFileReference; fileEncoding = 4; lastKnownFileType = sourcecode.c.objc; path = ZJAnimationPopView.m; sourceTree = "<group>"; };
		3B08925C26AA9DAC00ED24DB /* MASCompositeConstraint.h */ = {isa = PBXFileReference; fileEncoding = 4; lastKnownFileType = sourcecode.c.h; path = MASCompositeConstraint.h; sourceTree = "<group>"; };
		3B08925D26AA9DAC00ED24DB /* NSLayoutConstraint+MASDebugAdditions.m */ = {isa = PBXFileReference; fileEncoding = 4; lastKnownFileType = sourcecode.c.objc; path = "NSLayoutConstraint+MASDebugAdditions.m"; sourceTree = "<group>"; };
		3B08925E26AA9DAC00ED24DB /* MASConstraint+Private.h */ = {isa = PBXFileReference; fileEncoding = 4; lastKnownFileType = sourcecode.c.h; path = "MASConstraint+Private.h"; sourceTree = "<group>"; };
		3B08925F26AA9DAC00ED24DB /* MASLayoutConstraint.h */ = {isa = PBXFileReference; fileEncoding = 4; lastKnownFileType = sourcecode.c.h; path = MASLayoutConstraint.h; sourceTree = "<group>"; };
		3B08926026AA9DAC00ED24DB /* NSArray+MASShorthandAdditions.h */ = {isa = PBXFileReference; fileEncoding = 4; lastKnownFileType = sourcecode.c.h; path = "NSArray+MASShorthandAdditions.h"; sourceTree = "<group>"; };
		3B08926126AA9DAC00ED24DB /* MASConstraintMaker.h */ = {isa = PBXFileReference; fileEncoding = 4; lastKnownFileType = sourcecode.c.h; path = MASConstraintMaker.h; sourceTree = "<group>"; };
		3B08926226AA9DAC00ED24DB /* View+MASAdditions.h */ = {isa = PBXFileReference; fileEncoding = 4; lastKnownFileType = sourcecode.c.h; path = "View+MASAdditions.h"; sourceTree = "<group>"; };
		3B08926326AA9DAC00ED24DB /* NSArray+MASAdditions.h */ = {isa = PBXFileReference; fileEncoding = 4; lastKnownFileType = sourcecode.c.h; path = "NSArray+MASAdditions.h"; sourceTree = "<group>"; };
		3B08926426AA9DAC00ED24DB /* MASUtilities.h */ = {isa = PBXFileReference; fileEncoding = 4; lastKnownFileType = sourcecode.c.h; path = MASUtilities.h; sourceTree = "<group>"; };
		3B08926526AA9DAC00ED24DB /* MASViewAttribute.h */ = {isa = PBXFileReference; fileEncoding = 4; lastKnownFileType = sourcecode.c.h; path = MASViewAttribute.h; sourceTree = "<group>"; };
		3B08926626AA9DAC00ED24DB /* ViewController+MASAdditions.m */ = {isa = PBXFileReference; fileEncoding = 4; lastKnownFileType = sourcecode.c.objc; path = "ViewController+MASAdditions.m"; sourceTree = "<group>"; };
		3B08926726AA9DAC00ED24DB /* MASViewConstraint.h */ = {isa = PBXFileReference; fileEncoding = 4; lastKnownFileType = sourcecode.c.h; path = MASViewConstraint.h; sourceTree = "<group>"; };
		3B08926826AA9DAC00ED24DB /* MASConstraint.h */ = {isa = PBXFileReference; fileEncoding = 4; lastKnownFileType = sourcecode.c.h; path = MASConstraint.h; sourceTree = "<group>"; };
		3B08926926AA9DAC00ED24DB /* NSLayoutConstraint+MASDebugAdditions.h */ = {isa = PBXFileReference; fileEncoding = 4; lastKnownFileType = sourcecode.c.h; path = "NSLayoutConstraint+MASDebugAdditions.h"; sourceTree = "<group>"; };
		3B08926A26AA9DAC00ED24DB /* MASCompositeConstraint.m */ = {isa = PBXFileReference; fileEncoding = 4; lastKnownFileType = sourcecode.c.objc; path = MASCompositeConstraint.m; sourceTree = "<group>"; };
		3B08926B26AA9DAC00ED24DB /* MASConstraintMaker.m */ = {isa = PBXFileReference; fileEncoding = 4; lastKnownFileType = sourcecode.c.objc; path = MASConstraintMaker.m; sourceTree = "<group>"; };
		3B08926C26AA9DAC00ED24DB /* MASLayoutConstraint.m */ = {isa = PBXFileReference; fileEncoding = 4; lastKnownFileType = sourcecode.c.objc; path = MASLayoutConstraint.m; sourceTree = "<group>"; };
		3B08926D26AA9DAC00ED24DB /* NSArray+MASAdditions.m */ = {isa = PBXFileReference; fileEncoding = 4; lastKnownFileType = sourcecode.c.objc; path = "NSArray+MASAdditions.m"; sourceTree = "<group>"; };
		3B08926E26AA9DAC00ED24DB /* View+MASAdditions.m */ = {isa = PBXFileReference; fileEncoding = 4; lastKnownFileType = sourcecode.c.objc; path = "View+MASAdditions.m"; sourceTree = "<group>"; };
		3B08926F26AA9DAC00ED24DB /* View+MASShorthandAdditions.h */ = {isa = PBXFileReference; fileEncoding = 4; lastKnownFileType = sourcecode.c.h; path = "View+MASShorthandAdditions.h"; sourceTree = "<group>"; };
		3B08927026AA9DAC00ED24DB /* Masonry.h */ = {isa = PBXFileReference; fileEncoding = 4; lastKnownFileType = sourcecode.c.h; path = Masonry.h; sourceTree = "<group>"; };
		3B08927126AA9DAC00ED24DB /* MASConstraint.m */ = {isa = PBXFileReference; fileEncoding = 4; lastKnownFileType = sourcecode.c.objc; path = MASConstraint.m; sourceTree = "<group>"; };
		3B08927226AA9DAC00ED24DB /* ViewController+MASAdditions.h */ = {isa = PBXFileReference; fileEncoding = 4; lastKnownFileType = sourcecode.c.h; path = "ViewController+MASAdditions.h"; sourceTree = "<group>"; };
		3B08927326AA9DAC00ED24DB /* MASViewConstraint.m */ = {isa = PBXFileReference; fileEncoding = 4; lastKnownFileType = sourcecode.c.objc; path = MASViewConstraint.m; sourceTree = "<group>"; };
		3B08927426AA9DAC00ED24DB /* MASViewAttribute.m */ = {isa = PBXFileReference; fileEncoding = 4; lastKnownFileType = sourcecode.c.objc; path = MASViewAttribute.m; sourceTree = "<group>"; };
		3B08927726AA9DAC00ED24DB /* GCDSemaphore.h */ = {isa = PBXFileReference; fileEncoding = 4; lastKnownFileType = sourcecode.c.h; path = GCDSemaphore.h; sourceTree = "<group>"; };
		3B08927826AA9DAC00ED24DB /* GCDQueue.m */ = {isa = PBXFileReference; fileEncoding = 4; lastKnownFileType = sourcecode.c.objc; path = GCDQueue.m; sourceTree = "<group>"; };
		3B08927926AA9DAC00ED24DB /* GCDTimer.m */ = {isa = PBXFileReference; fileEncoding = 4; lastKnownFileType = sourcecode.c.objc; path = GCDTimer.m; sourceTree = "<group>"; };
		3B08927A26AA9DAC00ED24DB /* GCDGroup.m */ = {isa = PBXFileReference; fileEncoding = 4; lastKnownFileType = sourcecode.c.objc; path = GCDGroup.m; sourceTree = "<group>"; };
		3B08927B26AA9DAC00ED24DB /* GCD.h */ = {isa = PBXFileReference; fileEncoding = 4; lastKnownFileType = sourcecode.c.h; path = GCD.h; sourceTree = "<group>"; };
		3B08927C26AA9DAC00ED24DB /* GCDSemaphore.m */ = {isa = PBXFileReference; fileEncoding = 4; lastKnownFileType = sourcecode.c.objc; path = GCDSemaphore.m; sourceTree = "<group>"; };
		3B08927D26AA9DAC00ED24DB /* GCDQueue.h */ = {isa = PBXFileReference; fileEncoding = 4; lastKnownFileType = sourcecode.c.h; path = GCDQueue.h; sourceTree = "<group>"; };
		3B08927E26AA9DAC00ED24DB /* GCDGroup.h */ = {isa = PBXFileReference; fileEncoding = 4; lastKnownFileType = sourcecode.c.h; path = GCDGroup.h; sourceTree = "<group>"; };
		3B08927F26AA9DAC00ED24DB /* GCDTimer.h */ = {isa = PBXFileReference; fileEncoding = 4; lastKnownFileType = sourcecode.c.h; path = GCDTimer.h; sourceTree = "<group>"; };
		3B08928026AA9DAC00ED24DB /* WYAlertView.m */ = {isa = PBXFileReference; fileEncoding = 4; lastKnownFileType = sourcecode.c.objc; path = WYAlertView.m; sourceTree = "<group>"; };
		3B08928226AA9DAC00ED24DB /* README.markdown */ = {isa = PBXFileReference; fileEncoding = 4; lastKnownFileType = net.daringfireball.markdown; path = README.markdown; sourceTree = "<group>"; };
		3B08928326AA9DAC00ED24DB /* LICENSE.txt */ = {isa = PBXFileReference; fileEncoding = 4; lastKnownFileType = text; path = LICENSE.txt; sourceTree = "<group>"; };
		3B08928626AA9DAC00ED24DB /* FMDatabase.h */ = {isa = PBXFileReference; fileEncoding = 4; lastKnownFileType = sourcecode.c.h; path = FMDatabase.h; sourceTree = "<group>"; };
		3B08928726AA9DAC00ED24DB /* FMDatabaseQueue.m */ = {isa = PBXFileReference; fileEncoding = 4; lastKnownFileType = sourcecode.c.objc; path = FMDatabaseQueue.m; sourceTree = "<group>"; };
		3B08928826AA9DAC00ED24DB /* FMResultSet.h */ = {isa = PBXFileReference; fileEncoding = 4; lastKnownFileType = sourcecode.c.h; path = FMResultSet.h; sourceTree = "<group>"; };
		3B08928926AA9DAC00ED24DB /* FMDatabasePool.h */ = {isa = PBXFileReference; fileEncoding = 4; lastKnownFileType = sourcecode.c.h; path = FMDatabasePool.h; sourceTree = "<group>"; };
		3B08928A26AA9DAC00ED24DB /* FMDatabaseAdditions.m */ = {isa = PBXFileReference; fileEncoding = 4; lastKnownFileType = sourcecode.c.objc; path = FMDatabaseAdditions.m; sourceTree = "<group>"; };
		3B08928B26AA9DAC00ED24DB /* FMDatabase.m */ = {isa = PBXFileReference; fileEncoding = 4; lastKnownFileType = sourcecode.c.objc; path = FMDatabase.m; sourceTree = "<group>"; };
		3B08928C26AA9DAC00ED24DB /* FMDatabaseQueue.h */ = {isa = PBXFileReference; fileEncoding = 4; lastKnownFileType = sourcecode.c.h; path = FMDatabaseQueue.h; sourceTree = "<group>"; };
		3B08928D26AA9DAC00ED24DB /* FMDB.h */ = {isa = PBXFileReference; fileEncoding = 4; lastKnownFileType = sourcecode.c.h; path = FMDB.h; sourceTree = "<group>"; };
		3B08928E26AA9DAC00ED24DB /* FMDatabaseAdditions.h */ = {isa = PBXFileReference; fileEncoding = 4; lastKnownFileType = sourcecode.c.h; path = FMDatabaseAdditions.h; sourceTree = "<group>"; };
		3B08928F26AA9DAC00ED24DB /* FMDatabasePool.m */ = {isa = PBXFileReference; fileEncoding = 4; lastKnownFileType = sourcecode.c.objc; path = FMDatabasePool.m; sourceTree = "<group>"; };
		3B08929026AA9DAC00ED24DB /* FMResultSet.m */ = {isa = PBXFileReference; fileEncoding = 4; lastKnownFileType = sourcecode.c.objc; path = FMResultSet.m; sourceTree = "<group>"; };
		3B08929126AA9DAC00ED24DB /* WYAlertView.h */ = {isa = PBXFileReference; fileEncoding = 4; lastKnownFileType = sourcecode.c.h; path = WYAlertView.h; sourceTree = "<group>"; };
		3B08929226AA9DAC00ED24DB /* ZJAnimationPopView.h */ = {isa = PBXFileReference; fileEncoding = 4; lastKnownFileType = sourcecode.c.h; path = ZJAnimationPopView.h; sourceTree = "<group>"; };
		3B0892BA26AAA3D600ED24DB /* ViewController.h */ = {isa = PBXFileReference; lastKnownFileType = sourcecode.c.h; path = ViewController.h; sourceTree = "<group>"; };
		3B0892BB26AAA3D600ED24DB /* ViewController.m */ = {isa = PBXFileReference; lastKnownFileType = sourcecode.c.objc; path = ViewController.m; sourceTree = "<group>"; };
		3B0892BC26AAA3D600ED24DB /* ViewController.xib */ = {isa = PBXFileReference; lastKnownFileType = file.xib; path = ViewController.xib; sourceTree = "<group>"; };
		3B0892C026AAC23A00ED24DB /* GModelProtocol.h */ = {isa = PBXFileReference; lastKnownFileType = sourcecode.c.h; path = GModelProtocol.h; sourceTree = "<group>"; };
		3B0892C226AECAEC00ED24DB /* NSObject+swizzle.m */ = {isa = PBXFileReference; fileEncoding = 4; lastKnownFileType = sourcecode.c.objc; path = "NSObject+swizzle.m"; sourceTree = "<group>"; };
		3B0892C326AECAEC00ED24DB /* NSObject+swizzle.h */ = {isa = PBXFileReference; fileEncoding = 4; lastKnownFileType = sourcecode.c.h; path = "NSObject+swizzle.h"; sourceTree = "<group>"; };
		3B0892C826AFEDD000ED24DB /* UIViewController+GSSkip.h */ = {isa = PBXFileReference; fileEncoding = 4; lastKnownFileType = sourcecode.c.h; path = "UIViewController+GSSkip.h"; sourceTree = "<group>"; };
		3B0892C926AFEDD000ED24DB /* UIViewController+GSSkip.m */ = {isa = PBXFileReference; fileEncoding = 4; lastKnownFileType = sourcecode.c.objc; path = "UIViewController+GSSkip.m"; sourceTree = "<group>"; };
		3B0892CD26AFF0F600ED24DB /* UIView+Effects.m */ = {isa = PBXFileReference; fileEncoding = 4; lastKnownFileType = sourcecode.c.objc; path = "UIView+Effects.m"; sourceTree = "<group>"; };
		3B0892CE26AFF0F600ED24DB /* UIView+Effects.h */ = {isa = PBXFileReference; fileEncoding = 4; lastKnownFileType = sourcecode.c.h; path = "UIView+Effects.h"; sourceTree = "<group>"; };
		3B0892D026AFF1A700ED24DB /* UIView+GradualLayer.m */ = {isa = PBXFileReference; fileEncoding = 4; lastKnownFileType = sourcecode.c.objc; path = "UIView+GradualLayer.m"; sourceTree = "<group>"; };
		3B0892D126AFF1A700ED24DB /* UIView+GradualLayer.h */ = {isa = PBXFileReference; fileEncoding = 4; lastKnownFileType = sourcecode.c.h; path = "UIView+GradualLayer.h"; sourceTree = "<group>"; };
		D35B2077264FB2D50037A832 /* PrefixHeader.pch */ = {isa = PBXFileReference; lastKnownFileType = sourcecode.c.h; path = PrefixHeader.pch; sourceTree = "<group>"; };
		D35D93022588C78F004A0D42 /* GTOOL.app */ = {isa = PBXFileReference; explicitFileType = wrapper.application; includeInIndex = 0; path = GTOOL.app; sourceTree = BUILT_PRODUCTS_DIR; };
		D35D93052588C78F004A0D42 /* AppDelegate.h */ = {isa = PBXFileReference; lastKnownFileType = sourcecode.c.h; path = AppDelegate.h; sourceTree = "<group>"; };
		D35D93062588C78F004A0D42 /* AppDelegate.m */ = {isa = PBXFileReference; lastKnownFileType = sourcecode.c.objc; path = AppDelegate.m; sourceTree = "<group>"; };
		D35D93082588C78F004A0D42 /* SceneDelegate.h */ = {isa = PBXFileReference; lastKnownFileType = sourcecode.c.h; path = SceneDelegate.h; sourceTree = "<group>"; };
		D35D93092588C78F004A0D42 /* SceneDelegate.m */ = {isa = PBXFileReference; lastKnownFileType = sourcecode.c.objc; path = SceneDelegate.m; sourceTree = "<group>"; };
		D35D930F2588C78F004A0D42 /* Base */ = {isa = PBXFileReference; lastKnownFileType = file.storyboard; name = Base; path = Base.lproj/Main.storyboard; sourceTree = "<group>"; };
		D35D93112588C793004A0D42 /* Assets.xcassets */ = {isa = PBXFileReference; lastKnownFileType = folder.assetcatalog; path = Assets.xcassets; sourceTree = "<group>"; };
		D35D93142588C793004A0D42 /* Base */ = {isa = PBXFileReference; lastKnownFileType = file.storyboard; name = Base; path = Base.lproj/LaunchScreen.storyboard; sourceTree = "<group>"; };
		D35D93162588C793004A0D42 /* Info.plist */ = {isa = PBXFileReference; lastKnownFileType = text.plist.xml; path = Info.plist; sourceTree = "<group>"; };
		D35D93172588C793004A0D42 /* main.m */ = {isa = PBXFileReference; lastKnownFileType = sourcecode.c.objc; path = main.m; sourceTree = "<group>"; };
		D35D93B6258A08F8004A0D42 /* SecondViewController.h */ = {isa = PBXFileReference; lastKnownFileType = sourcecode.c.h; path = SecondViewController.h; sourceTree = "<group>"; };
		D35D93B7258A08F8004A0D42 /* SecondViewController.m */ = {isa = PBXFileReference; lastKnownFileType = sourcecode.c.objc; path = SecondViewController.m; sourceTree = "<group>"; };
		D36E904725946A7D00DFA4AF /* SecondModel.h */ = {isa = PBXFileReference; lastKnownFileType = sourcecode.c.h; path = SecondModel.h; sourceTree = "<group>"; };
		D36E904825946A7D00DFA4AF /* SecondModel.m */ = {isa = PBXFileReference; lastKnownFileType = sourcecode.c.objc; path = SecondModel.m; sourceTree = "<group>"; };
		D36E905B2594867800DFA4AF /* DBUserInfoModel.h */ = {isa = PBXFileReference; lastKnownFileType = sourcecode.c.h; path = DBUserInfoModel.h; sourceTree = "<group>"; };
		D36E905C2594867800DFA4AF /* DBUserInfoModel.m */ = {isa = PBXFileReference; lastKnownFileType = sourcecode.c.objc; path = DBUserInfoModel.m; sourceTree = "<group>"; };
		D36E90612594AD0700DFA4AF /* ThreeModel.h */ = {isa = PBXFileReference; lastKnownFileType = sourcecode.c.h; path = ThreeModel.h; sourceTree = "<group>"; };
		D36E90622594AD0700DFA4AF /* ThreeModel.m */ = {isa = PBXFileReference; lastKnownFileType = sourcecode.c.objc; path = ThreeModel.m; sourceTree = "<group>"; };
/* End PBXFileReference section */

/* Begin PBXFrameworksBuildPhase section */
		D35D92FF2588C78F004A0D42 /* Frameworks */ = {
			isa = PBXFrameworksBuildPhase;
			buildActionMask = 2147483647;
			files = (
			);
			runOnlyForDeploymentPostprocessing = 0;
		};
/* End PBXFrameworksBuildPhase section */

/* Begin PBXGroup section */
		3B08923426AA9DAC00ED24DB /* GTool */ = {
			isa = PBXGroup;
			children = (
				3B08924026AA9DAC00ED24DB /* GHeader.h */,
				3B08923526AA9DAC00ED24DB /* GCatefory */,
				3B08924126AA9DAC00ED24DB /* GArchive */,
				3B08924C26AA9DAC00ED24DB /* GChain */,
				3B08925726AA9DAC00ED24DB /* Vender */,
			);
			path = GTool;
			sourceTree = "<group>";
		};
		3B08923526AA9DAC00ED24DB /* GCatefory */ = {
			isa = PBXGroup;
			children = (
				3B08923B26AA9DAC00ED24DB /* NSDate+GDate.h */,
				3B08923626AA9DAC00ED24DB /* NSDate+GDate.m */,
				3B08923A26AA9DAC00ED24DB /* NSFileManager+GFileManager.h */,
				3B08923D26AA9DAC00ED24DB /* NSFileManager+GFileManager.m */,
				3B08923726AA9DAC00ED24DB /* NSObject+GObject.h */,
				3B08923C26AA9DAC00ED24DB /* NSObject+GObject.m */,
				3B0892C326AECAEC00ED24DB /* NSObject+swizzle.h */,
				3B0892C226AECAEC00ED24DB /* NSObject+swizzle.m */,
				3B08923926AA9DAC00ED24DB /* UIAlertController+GAlert.h */,
				3B08923E26AA9DAC00ED24DB /* UIAlertController+GAlert.m */,
				3B08923826AA9DAC00ED24DB /* UIView+GView.h */,
				3B08923F26AA9DAC00ED24DB /* UIView+GView.m */,
				3B0892C826AFEDD000ED24DB /* UIViewController+GSSkip.h */,
				3B0892C926AFEDD000ED24DB /* UIViewController+GSSkip.m */,
			);
			path = GCatefory;
			sourceTree = "<group>";
		};
		3B08924126AA9DAC00ED24DB /* GArchive */ = {
			isa = PBXGroup;
			children = (
				3B0892C126AEBD0C00ED24DB /* GModelManger */,
				3B08924226AA9DAC00ED24DB /* YIIFMDB */,
				3B0892C026AAC23A00ED24DB /* GModelProtocol.h */,
				3B08924A26AA9DAC00ED24DB /* GModel.h */,
				3B08924926AA9DAC00ED24DB /* GModel.m */,
			);
			path = GArchive;
			sourceTree = "<group>";
		};
		3B08924226AA9DAC00ED24DB /* YIIFMDB */ = {
			isa = PBXGroup;
			children = (
				3B08924326AA9DAC00ED24DB /* YIIParameters.h */,
				3B08924426AA9DAC00ED24DB /* YIIFMDB.h */,
				3B08924526AA9DAC00ED24DB /* YIIParameters.m */,
				3B08924626AA9DAC00ED24DB /* YIIFMDB.m */,
			);
			path = YIIFMDB;
			sourceTree = "<group>";
		};
		3B08924C26AA9DAC00ED24DB /* GChain */ = {
			isa = PBXGroup;
			children = (
				3B08925226AA9DAC00ED24DB /* GBaseChainModel.h */,
				3B08924D26AA9DAC00ED24DB /* GBaseChainModel.m */,
				3B08925526AA9DAC00ED24DB /* GButtonChainModel.h */,
				3B08925126AA9DAC00ED24DB /* GButtonChainModel.m */,
				3B08925626AA9DAC00ED24DB /* GLabelChainModel.h */,
				3B08925026AA9DAC00ED24DB /* GLabelChainModel.m */,
				3B08925326AA9DAC00ED24DB /* GUIImageViewChainModel.h */,
				3B08924F26AA9DAC00ED24DB /* GUIImageViewChainModel.m */,
				3B08925426AA9DAC00ED24DB /* GViewChainModel.h */,
				3B08924E26AA9DAC00ED24DB /* GViewChainModel.m */,
			);
			path = GChain;
			sourceTree = "<group>";
		};
		3B08925726AA9DAC00ED24DB /* Vender */ = {
			isa = PBXGroup;
			children = (
				3B08928126AA9DAC00ED24DB /* FMDB */,
				3B08927626AA9DAC00ED24DB /* GCD */,
				3B08925B26AA9DAC00ED24DB /* Masonry */,
				3B08929126AA9DAC00ED24DB /* WYAlertView.h */,
				3B08928026AA9DAC00ED24DB /* WYAlertView.m */,
				3B08929226AA9DAC00ED24DB /* ZJAnimationPopView.h */,
				3B08925826AA9DAC00ED24DB /* ZJAnimationPopView.m */,
			);
			path = Vender;
			sourceTree = "<group>";
		};
		3B08925B26AA9DAC00ED24DB /* Masonry */ = {
			isa = PBXGroup;
			children = (
				3B08925C26AA9DAC00ED24DB /* MASCompositeConstraint.h */,
				3B08926A26AA9DAC00ED24DB /* MASCompositeConstraint.m */,
				3B08926826AA9DAC00ED24DB /* MASConstraint.h */,
				3B08927126AA9DAC00ED24DB /* MASConstraint.m */,
				3B08925E26AA9DAC00ED24DB /* MASConstraint+Private.h */,
				3B08926126AA9DAC00ED24DB /* MASConstraintMaker.h */,
				3B08926B26AA9DAC00ED24DB /* MASConstraintMaker.m */,
				3B08925F26AA9DAC00ED24DB /* MASLayoutConstraint.h */,
				3B08926C26AA9DAC00ED24DB /* MASLayoutConstraint.m */,
				3B08927026AA9DAC00ED24DB /* Masonry.h */,
				3B08926426AA9DAC00ED24DB /* MASUtilities.h */,
				3B08926526AA9DAC00ED24DB /* MASViewAttribute.h */,
				3B08927426AA9DAC00ED24DB /* MASViewAttribute.m */,
				3B08926726AA9DAC00ED24DB /* MASViewConstraint.h */,
				3B08927326AA9DAC00ED24DB /* MASViewConstraint.m */,
				3B08926326AA9DAC00ED24DB /* NSArray+MASAdditions.h */,
				3B08926D26AA9DAC00ED24DB /* NSArray+MASAdditions.m */,
				3B08926026AA9DAC00ED24DB /* NSArray+MASShorthandAdditions.h */,
				3B08926926AA9DAC00ED24DB /* NSLayoutConstraint+MASDebugAdditions.h */,
				3B08925D26AA9DAC00ED24DB /* NSLayoutConstraint+MASDebugAdditions.m */,
				3B08926226AA9DAC00ED24DB /* View+MASAdditions.h */,
				3B08926E26AA9DAC00ED24DB /* View+MASAdditions.m */,
				3B08926F26AA9DAC00ED24DB /* View+MASShorthandAdditions.h */,
				3B08927226AA9DAC00ED24DB /* ViewController+MASAdditions.h */,
				3B08926626AA9DAC00ED24DB /* ViewController+MASAdditions.m */,
			);
			name = Masonry;
			path = Masonry/Masonry;
			sourceTree = "<group>";
		};
		3B08927626AA9DAC00ED24DB /* GCD */ = {
			isa = PBXGroup;
			children = (
				3B08927B26AA9DAC00ED24DB /* GCD.h */,
				3B08927E26AA9DAC00ED24DB /* GCDGroup.h */,
				3B08927A26AA9DAC00ED24DB /* GCDGroup.m */,
				3B08927D26AA9DAC00ED24DB /* GCDQueue.h */,
				3B08927826AA9DAC00ED24DB /* GCDQueue.m */,
				3B08927726AA9DAC00ED24DB /* GCDSemaphore.h */,
				3B08927C26AA9DAC00ED24DB /* GCDSemaphore.m */,
				3B08927F26AA9DAC00ED24DB /* GCDTimer.h */,
				3B08927926AA9DAC00ED24DB /* GCDTimer.m */,
			);
			path = GCD;
			sourceTree = "<group>";
		};
		3B08928126AA9DAC00ED24DB /* FMDB */ = {
			isa = PBXGroup;
			children = (
				3B08928226AA9DAC00ED24DB /* README.markdown */,
				3B08928326AA9DAC00ED24DB /* LICENSE.txt */,
				3B08928426AA9DAC00ED24DB /* src */,
			);
			path = FMDB;
			sourceTree = "<group>";
		};
		3B08928426AA9DAC00ED24DB /* src */ = {
			isa = PBXGroup;
			children = (
				3B08928526AA9DAC00ED24DB /* fmdb */,
			);
			path = src;
			sourceTree = "<group>";
		};
		3B08928526AA9DAC00ED24DB /* fmdb */ = {
			isa = PBXGroup;
			children = (
				3B08928626AA9DAC00ED24DB /* FMDatabase.h */,
				3B08928726AA9DAC00ED24DB /* FMDatabaseQueue.m */,
				3B08928826AA9DAC00ED24DB /* FMResultSet.h */,
				3B08928926AA9DAC00ED24DB /* FMDatabasePool.h */,
				3B08928A26AA9DAC00ED24DB /* FMDatabaseAdditions.m */,
				3B08928B26AA9DAC00ED24DB /* FMDatabase.m */,
				3B08928C26AA9DAC00ED24DB /* FMDatabaseQueue.h */,
				3B08928D26AA9DAC00ED24DB /* FMDB.h */,
				3B08928E26AA9DAC00ED24DB /* FMDatabaseAdditions.h */,
				3B08928F26AA9DAC00ED24DB /* FMDatabasePool.m */,
				3B08929026AA9DAC00ED24DB /* FMResultSet.m */,
			);
			path = fmdb;
			sourceTree = "<group>";
		};
		3B0892C126AEBD0C00ED24DB /* GModelManger */ = {
			isa = PBXGroup;
			children = (
				3B08924B26AA9DAC00ED24DB /* GModelManger.h */,
				3B08924826AA9DAC00ED24DB /* GModelManger.m */,
			);
			path = GModelManger;
			sourceTree = "<group>";
		};
		3B0892CC26AFF0A600ED24DB /* other */ = {
			isa = PBXGroup;
			children = (
				3B0892CE26AFF0F600ED24DB /* UIView+Effects.h */,
				3B0892CD26AFF0F600ED24DB /* UIView+Effects.m */,
				3B0892D126AFF1A700ED24DB /* UIView+GradualLayer.h */,
				3B0892D026AFF1A700ED24DB /* UIView+GradualLayer.m */,
			);
			path = other;
			sourceTree = "<group>";
		};
		D35D92F92588C78F004A0D42 = {
			isa = PBXGroup;
			children = (
				D35D93042588C78F004A0D42 /* GTOOL */,
				D35D93032588C78F004A0D42 /* Products */,
			);
			sourceTree = "<group>";
		};
		D35D93032588C78F004A0D42 /* Products */ = {
			isa = PBXGroup;
			children = (
				D35D93022588C78F004A0D42 /* GTOOL.app */,
			);
			name = Products;
			sourceTree = "<group>";
		};
		D35D93042588C78F004A0D42 /* GTOOL */ = {
			isa = PBXGroup;
			children = (
				D35D93052588C78F004A0D42 /* AppDelegate.h */,
				D35D93062588C78F004A0D42 /* AppDelegate.m */,
				D35D93082588C78F004A0D42 /* SceneDelegate.h */,
				D35D93092588C78F004A0D42 /* SceneDelegate.m */,
				3B0892BA26AAA3D600ED24DB /* ViewController.h */,
				3B0892BB26AAA3D600ED24DB /* ViewController.m */,
				3B0892BC26AAA3D600ED24DB /* ViewController.xib */,
				D35D93B6258A08F8004A0D42 /* SecondViewController.h */,
				D35D93B7258A08F8004A0D42 /* SecondViewController.m */,
				D36E904725946A7D00DFA4AF /* SecondModel.h */,
				D36E904825946A7D00DFA4AF /* SecondModel.m */,
				D36E90612594AD0700DFA4AF /* ThreeModel.h */,
				D36E90622594AD0700DFA4AF /* ThreeModel.m */,
				D36E905B2594867800DFA4AF /* DBUserInfoModel.h */,
				D36E905C2594867800DFA4AF /* DBUserInfoModel.m */,
				3B0892CC26AFF0A600ED24DB /* other */,
				3B08923426AA9DAC00ED24DB /* GTool */,
				D35D930E2588C78F004A0D42 /* Main.storyboard */,
				D35B2077264FB2D50037A832 /* PrefixHeader.pch */,
				D35D93112588C793004A0D42 /* Assets.xcassets */,
				D35D93132588C793004A0D42 /* LaunchScreen.storyboard */,
				D35D93162588C793004A0D42 /* Info.plist */,
				D35D93172588C793004A0D42 /* main.m */,
			);
			path = GTOOL;
			sourceTree = "<group>";
		};
/* End PBXGroup section */

/* Begin PBXNativeTarget section */
		D35D93012588C78F004A0D42 /* GTOOL */ = {
			isa = PBXNativeTarget;
			buildConfigurationList = D35D931B2588C793004A0D42 /* Build configuration list for PBXNativeTarget "GTOOL" */;
			buildPhases = (
				D35D92FE2588C78F004A0D42 /* Sources */,
				D35D92FF2588C78F004A0D42 /* Frameworks */,
				D35D93002588C78F004A0D42 /* Resources */,
			);
			buildRules = (
			);
			dependencies = (
			);
			name = GTOOL;
			productName = GTOOL;
			productReference = D35D93022588C78F004A0D42 /* GTOOL.app */;
			productType = "com.apple.product-type.application";
		};
/* End PBXNativeTarget section */

/* Begin PBXProject section */
		D35D92FA2588C78F004A0D42 /* Project object */ = {
			isa = PBXProject;
			attributes = {
				LastUpgradeCheck = 1210;
				TargetAttributes = {
					D35D93012588C78F004A0D42 = {
						CreatedOnToolsVersion = 12.1;
					};
				};
			};
			buildConfigurationList = D35D92FD2588C78F004A0D42 /* Build configuration list for PBXProject "GTOOL" */;
			compatibilityVersion = "Xcode 9.3";
			developmentRegion = en;
			hasScannedForEncodings = 0;
			knownRegions = (
				en,
				Base,
			);
			mainGroup = D35D92F92588C78F004A0D42;
			productRefGroup = D35D93032588C78F004A0D42 /* Products */;
			projectDirPath = "";
			projectRoot = "";
			targets = (
				D35D93012588C78F004A0D42 /* GTOOL */,
			);
		};
/* End PBXProject section */

/* Begin PBXResourcesBuildPhase section */
		D35D93002588C78F004A0D42 /* Resources */ = {
			isa = PBXResourcesBuildPhase;
			buildActionMask = 2147483647;
			files = (
				D35D93152588C793004A0D42 /* LaunchScreen.storyboard in Resources */,
				D35D93122588C793004A0D42 /* Assets.xcassets in Resources */,
				3B0892BE26AAA3D600ED24DB /* ViewController.xib in Resources */,
				3B0892B326AA9DAD00ED24DB /* README.markdown in Resources */,
				D35D93102588C78F004A0D42 /* Main.storyboard in Resources */,
				3B0892B426AA9DAD00ED24DB /* LICENSE.txt in Resources */,
			);
			runOnlyForDeploymentPostprocessing = 0;
		};
/* End PBXResourcesBuildPhase section */

/* Begin PBXSourcesBuildPhase section */
		D35D92FE2588C78F004A0D42 /* Sources */ = {
			isa = PBXSourcesBuildPhase;
			buildActionMask = 2147483647;
			files = (
				3B0892C426AECAEC00ED24DB /* NSObject+swizzle.m in Sources */,
				3B08929D26AA9DAC00ED24DB /* GViewChainModel.m in Sources */,
				3B0892B926AA9DAD00ED24DB /* FMResultSet.m in Sources */,
				3B08929526AA9DAC00ED24DB /* NSFileManager+GFileManager.m in Sources */,
				3B08929726AA9DAC00ED24DB /* UIView+GView.m in Sources */,
				3B0892B026AA9DAD00ED24DB /* GCDGroup.m in Sources */,
				3B0892AF26AA9DAD00ED24DB /* GCDTimer.m in Sources */,
				3B0892A526AA9DAC00ED24DB /* MASCompositeConstraint.m in Sources */,
				D36E904925946A7D00DFA4AF /* SecondModel.m in Sources */,
				3B08929B26AA9DAC00ED24DB /* GModel.m in Sources */,
				3B0892A826AA9DAC00ED24DB /* NSArray+MASAdditions.m in Sources */,
				3B0892A926AA9DAC00ED24DB /* View+MASAdditions.m in Sources */,
				D35D93072588C78F004A0D42 /* AppDelegate.m in Sources */,
				3B0892CF26AFF0F600ED24DB /* UIView+Effects.m in Sources */,
				3B0892B126AA9DAD00ED24DB /* GCDSemaphore.m in Sources */,
				3B08929A26AA9DAC00ED24DB /* GModelManger.m in Sources */,
				3B08929826AA9DAC00ED24DB /* YIIParameters.m in Sources */,
				3B08929C26AA9DAC00ED24DB /* GBaseChainModel.m in Sources */,
				D36E905D2594867800DFA4AF /* DBUserInfoModel.m in Sources */,
				3B0892B526AA9DAD00ED24DB /* FMDatabaseQueue.m in Sources */,
				3B0892A426AA9DAC00ED24DB /* ViewController+MASAdditions.m in Sources */,
				3B0892AB26AA9DAC00ED24DB /* MASViewConstraint.m in Sources */,
				3B0892A026AA9DAC00ED24DB /* GButtonChainModel.m in Sources */,
				3B0892A626AA9DAC00ED24DB /* MASConstraintMaker.m in Sources */,
				3B0892AE26AA9DAD00ED24DB /* GCDQueue.m in Sources */,
				3B08929426AA9DAC00ED24DB /* NSObject+GObject.m in Sources */,
				3B08929326AA9DAC00ED24DB /* NSDate+GDate.m in Sources */,
				3B0892B826AA9DAD00ED24DB /* FMDatabasePool.m in Sources */,
				3B0892AA26AA9DAC00ED24DB /* MASConstraint.m in Sources */,
				D36E90632594AD0700DFA4AF /* ThreeModel.m in Sources */,
				3B08929E26AA9DAC00ED24DB /* GUIImageViewChainModel.m in Sources */,
				3B0892AC26AA9DAD00ED24DB /* MASViewAttribute.m in Sources */,
				D35D93B8258A08F8004A0D42 /* SecondViewController.m in Sources */,
				3B0892B226AA9DAD00ED24DB /* WYAlertView.m in Sources */,
				3B08929626AA9DAC00ED24DB /* UIAlertController+GAlert.m in Sources */,
				3B0892A126AA9DAC00ED24DB /* ZJAnimationPopView.m in Sources */,
				3B08929F26AA9DAC00ED24DB /* GLabelChainModel.m in Sources */,
				D35D93182588C793004A0D42 /* main.m in Sources */,
				3B0892A726AA9DAC00ED24DB /* MASLayoutConstraint.m in Sources */,
				D35D930A2588C78F004A0D42 /* SceneDelegate.m in Sources */,
				3B08929926AA9DAC00ED24DB /* YIIFMDB.m in Sources */,
				3B0892D226AFF1A700ED24DB /* UIView+GradualLayer.m in Sources */,
				3B0892A326AA9DAC00ED24DB /* NSLayoutConstraint+MASDebugAdditions.m in Sources */,
				3B0892BD26AAA3D600ED24DB /* ViewController.m in Sources */,
				3B0892B726AA9DAD00ED24DB /* FMDatabase.m in Sources */,
				3B0892CA26AFEDD000ED24DB /* UIViewController+GSSkip.m in Sources */,
				3B0892B626AA9DAD00ED24DB /* FMDatabaseAdditions.m in Sources */,
			);
			runOnlyForDeploymentPostprocessing = 0;
		};
/* End PBXSourcesBuildPhase section */

/* Begin PBXVariantGroup section */
		D35D930E2588C78F004A0D42 /* Main.storyboard */ = {
			isa = PBXVariantGroup;
			children = (
				D35D930F2588C78F004A0D42 /* Base */,
			);
			name = Main.storyboard;
			sourceTree = "<group>";
		};
		D35D93132588C793004A0D42 /* LaunchScreen.storyboard */ = {
			isa = PBXVariantGroup;
			children = (
				D35D93142588C793004A0D42 /* Base */,
			);
			name = LaunchScreen.storyboard;
			sourceTree = "<group>";
		};
/* End PBXVariantGroup section */

/* Begin XCBuildConfiguration section */
		D35D93192588C793004A0D42 /* Debug */ = {
			isa = XCBuildConfiguration;
			buildSettings = {
				ALWAYS_SEARCH_USER_PATHS = NO;
				CLANG_ANALYZER_NONNULL = YES;
				CLANG_ANALYZER_NUMBER_OBJECT_CONVERSION = YES_AGGRESSIVE;
				CLANG_CXX_LANGUAGE_STANDARD = "gnu++14";
				CLANG_CXX_LIBRARY = "libc++";
				CLANG_ENABLE_MODULES = YES;
				CLANG_ENABLE_OBJC_ARC = YES;
				CLANG_ENABLE_OBJC_WEAK = YES;
				CLANG_WARN_BLOCK_CAPTURE_AUTORELEASING = YES;
				CLANG_WARN_BOOL_CONVERSION = YES;
				CLANG_WARN_COMMA = YES;
				CLANG_WARN_CONSTANT_CONVERSION = YES;
				CLANG_WARN_DEPRECATED_OBJC_IMPLEMENTATIONS = YES;
				CLANG_WARN_DIRECT_OBJC_ISA_USAGE = YES_ERROR;
				CLANG_WARN_DOCUMENTATION_COMMENTS = YES;
				CLANG_WARN_EMPTY_BODY = YES;
				CLANG_WARN_ENUM_CONVERSION = YES;
				CLANG_WARN_INFINITE_RECURSION = YES;
				CLANG_WARN_INT_CONVERSION = YES;
				CLANG_WARN_NON_LITERAL_NULL_CONVERSION = YES;
				CLANG_WARN_OBJC_IMPLICIT_RETAIN_SELF = YES;
				CLANG_WARN_OBJC_LITERAL_CONVERSION = YES;
				CLANG_WARN_OBJC_ROOT_CLASS = YES_ERROR;
				CLANG_WARN_QUOTED_INCLUDE_IN_FRAMEWORK_HEADER = YES;
				CLANG_WARN_RANGE_LOOP_ANALYSIS = YES;
				CLANG_WARN_STRICT_PROTOTYPES = YES;
				CLANG_WARN_SUSPICIOUS_MOVE = YES;
				CLANG_WARN_UNGUARDED_AVAILABILITY = YES_AGGRESSIVE;
				CLANG_WARN_UNREACHABLE_CODE = YES;
				CLANG_WARN__DUPLICATE_METHOD_MATCH = YES;
				COPY_PHASE_STRIP = NO;
				DEBUG_INFORMATION_FORMAT = dwarf;
				ENABLE_STRICT_OBJC_MSGSEND = YES;
				ENABLE_TESTABILITY = YES;
				GCC_C_LANGUAGE_STANDARD = gnu11;
				GCC_DYNAMIC_NO_PIC = NO;
				GCC_NO_COMMON_BLOCKS = YES;
				GCC_OPTIMIZATION_LEVEL = 0;
				GCC_PREPROCESSOR_DEFINITIONS = (
					"DEBUG=1",
					"$(inherited)",
				);
				GCC_WARN_64_TO_32_BIT_CONVERSION = YES;
				GCC_WARN_ABOUT_RETURN_TYPE = YES_ERROR;
				GCC_WARN_UNDECLARED_SELECTOR = YES;
				GCC_WARN_UNINITIALIZED_AUTOS = YES_AGGRESSIVE;
				GCC_WARN_UNUSED_FUNCTION = YES;
				GCC_WARN_UNUSED_VARIABLE = YES;
				IPHONEOS_DEPLOYMENT_TARGET = 13.5;
				MTL_ENABLE_DEBUG_INFO = INCLUDE_SOURCE;
				MTL_FAST_MATH = YES;
				ONLY_ACTIVE_ARCH = YES;
				SDKROOT = iphoneos;
			};
			name = Debug;
		};
		D35D931A2588C793004A0D42 /* Release */ = {
			isa = XCBuildConfiguration;
			buildSettings = {
				ALWAYS_SEARCH_USER_PATHS = NO;
				CLANG_ANALYZER_NONNULL = YES;
				CLANG_ANALYZER_NUMBER_OBJECT_CONVERSION = YES_AGGRESSIVE;
				CLANG_CXX_LANGUAGE_STANDARD = "gnu++14";
				CLANG_CXX_LIBRARY = "libc++";
				CLANG_ENABLE_MODULES = YES;
				CLANG_ENABLE_OBJC_ARC = YES;
				CLANG_ENABLE_OBJC_WEAK = YES;
				CLANG_WARN_BLOCK_CAPTURE_AUTORELEASING = YES;
				CLANG_WARN_BOOL_CONVERSION = YES;
				CLANG_WARN_COMMA = YES;
				CLANG_WARN_CONSTANT_CONVERSION = YES;
				CLANG_WARN_DEPRECATED_OBJC_IMPLEMENTATIONS = YES;
				CLANG_WARN_DIRECT_OBJC_ISA_USAGE = YES_ERROR;
				CLANG_WARN_DOCUMENTATION_COMMENTS = YES;
				CLANG_WARN_EMPTY_BODY = YES;
				CLANG_WARN_ENUM_CONVERSION = YES;
				CLANG_WARN_INFINITE_RECURSION = YES;
				CLANG_WARN_INT_CONVERSION = YES;
				CLANG_WARN_NON_LITERAL_NULL_CONVERSION = YES;
				CLANG_WARN_OBJC_IMPLICIT_RETAIN_SELF = YES;
				CLANG_WARN_OBJC_LITERAL_CONVERSION = YES;
				CLANG_WARN_OBJC_ROOT_CLASS = YES_ERROR;
				CLANG_WARN_QUOTED_INCLUDE_IN_FRAMEWORK_HEADER = YES;
				CLANG_WARN_RANGE_LOOP_ANALYSIS = YES;
				CLANG_WARN_STRICT_PROTOTYPES = YES;
				CLANG_WARN_SUSPICIOUS_MOVE = YES;
				CLANG_WARN_UNGUARDED_AVAILABILITY = YES_AGGRESSIVE;
				CLANG_WARN_UNREACHABLE_CODE = YES;
				CLANG_WARN__DUPLICATE_METHOD_MATCH = YES;
				COPY_PHASE_STRIP = NO;
				DEBUG_INFORMATION_FORMAT = "dwarf-with-dsym";
				ENABLE_NS_ASSERTIONS = NO;
				ENABLE_STRICT_OBJC_MSGSEND = YES;
				GCC_C_LANGUAGE_STANDARD = gnu11;
				GCC_NO_COMMON_BLOCKS = YES;
				GCC_WARN_64_TO_32_BIT_CONVERSION = YES;
				GCC_WARN_ABOUT_RETURN_TYPE = YES_ERROR;
				GCC_WARN_UNDECLARED_SELECTOR = YES;
				GCC_WARN_UNINITIALIZED_AUTOS = YES_AGGRESSIVE;
				GCC_WARN_UNUSED_FUNCTION = YES;
				GCC_WARN_UNUSED_VARIABLE = YES;
				IPHONEOS_DEPLOYMENT_TARGET = 13.5;
				MTL_ENABLE_DEBUG_INFO = NO;
				MTL_FAST_MATH = YES;
				SDKROOT = iphoneos;
				VALIDATE_PRODUCT = YES;
			};
			name = Release;
		};
		D35D931C2588C793004A0D42 /* Debug */ = {
			isa = XCBuildConfiguration;
			buildSettings = {
				ASSETCATALOG_COMPILER_APPICON_NAME = AppIcon;
				ASSETCATALOG_COMPILER_GLOBAL_ACCENT_COLOR_NAME = AccentColor;
				CODE_SIGN_STYLE = Automatic;
				DEVELOPMENT_TEAM = ALK2RYKYVK;
				GCC_PREFIX_HEADER = "$(SRCROOT)/GTOOL/PrefixHeader.pch";
				INFOPLIST_FILE = GTOOL/Info.plist;
				IPHONEOS_DEPLOYMENT_TARGET = 9.2;
				LD_RUNPATH_SEARCH_PATHS = (
					"$(inherited)",
					"@executable_path/Frameworks",
				);
				PRODUCT_BUNDLE_IDENTIFIER = com.dream.GTOOL;
				PRODUCT_NAME = "$(TARGET_NAME)";
				TARGETED_DEVICE_FAMILY = "1,2";
			};
			name = Debug;
		};
		D35D931D2588C793004A0D42 /* Release */ = {
			isa = XCBuildConfiguration;
			buildSettings = {
				ASSETCATALOG_COMPILER_APPICON_NAME = AppIcon;
				ASSETCATALOG_COMPILER_GLOBAL_ACCENT_COLOR_NAME = AccentColor;
				CODE_SIGN_STYLE = Automatic;
				DEVELOPMENT_TEAM = ALK2RYKYVK;
				GCC_PREFIX_HEADER = "$(SRCROOT)/GTOOL/PrefixHeader.pch";
				INFOPLIST_FILE = GTOOL/Info.plist;
				IPHONEOS_DEPLOYMENT_TARGET = 9.2;
				LD_RUNPATH_SEARCH_PATHS = (
					"$(inherited)",
					"@executable_path/Frameworks",
				);
				PRODUCT_BUNDLE_IDENTIFIER = com.dream.GTOOL;
				PRODUCT_NAME = "$(TARGET_NAME)";
				TARGETED_DEVICE_FAMILY = "1,2";
			};
			name = Release;
		};
/* End XCBuildConfiguration section */

/* Begin XCConfigurationList section */
		D35D92FD2588C78F004A0D42 /* Build configuration list for PBXProject "GTOOL" */ = {
			isa = XCConfigurationList;
			buildConfigurations = (
				D35D93192588C793004A0D42 /* Debug */,
				D35D931A2588C793004A0D42 /* Release */,
			);
			defaultConfigurationIsVisible = 0;
			defaultConfigurationName = Release;
		};
		D35D931B2588C793004A0D42 /* Build configuration list for PBXNativeTarget "GTOOL" */ = {
			isa = XCConfigurationList;
			buildConfigurations = (
				D35D931C2588C793004A0D42 /* Debug */,
				D35D931D2588C793004A0D42 /* Release */,
			);
			defaultConfigurationIsVisible = 0;
			defaultConfigurationName = Release;
		};
/* End XCConfigurationList section */
	};
	rootObject = D35D92FA2588C78F004A0D42 /* Project object */;
}
